
Microsoft Visual Studio Solution File, Format Version 12.00
# Visual Studio Version 16
VisualStudioVersion = 16.0.31729.503
MinimumVisualStudioVersion = 10.0.40219.1
Project("{9A19103F-16F7-4668-BE54-9A1E7A4F7556}") = "Rgba_File_Visualizer", "Rgba_File_Visualizer.csproj", "{5A35022C-1AAC-4B6F-8DF5-99DCDFA6213A}"
EndProject
Global
	GlobalSection(SolutionConfigurationPlatforms) = preSolution
		Debug|Any CPU = Debug|Any CPU
		Release|Any CPU = Release|Any CPU
	EndGlobalSection
	GlobalSection(ProjectConfigurationPlatforms) = postSolution
		{5A35022C-1AAC-4B6F-8DF5-99DCDFA6213A}.Debug|Any CPU.ActiveCfg = Debug|Any CPU
		{5A35022C-1AAC-4B6F-8DF5-99DCDFA6213A}.Debug|Any CPU.Build.0 = Debug|Any CPU
		{5A35022C-1AAC-4B6F-8DF5-99DCDFA6213A}.Release|Any CPU.ActiveCfg = Release|Any CPU
		{5A35022C-1AAC-4B6F-8DF5-99DCDFA6213A}.Release|Any CPU.Build.0 = Release|Any CPU
	EndGlobalSection
	GlobalSection(SolutionProperties) = preSolution
		HideSolutionNode = FALSE
	EndGlobalSection
	GlobalSection(ExtensibilityGlobals) = postSolution
		SolutionGuid = {5280C16F-2783-4F1E-A86C-D51C88A6414C}
	EndGlobalSection
EndGlobal
